
Microsoft Visual Studio Solution File, Format Version 12.00
# Visual Studio 15
VisualStudioVersion = 15.0.28307.421
MinimumVisualStudioVersion = 10.0.40219.1
Project("{8BC9CEB8-8B4A-11D0-8D11-00A0C91BC942}") = "模拟实现vector", "模拟实现vector\模拟实现vector.vcxproj", "{699EA95B-3BD2-4419-939E-51B28BE25573}"
EndProject
Global
	GlobalSection(SolutionConfigurationPlatforms) = preSolution
		Debug|x64 = Debug|x64
		Debug|x86 = Debug|x86
		Release|x64 = Release|x64
		Release|x86 = Release|x86
	EndGlobalSection
	GlobalSection(ProjectConfigurationPlatforms) = postSolution
		{699EA95B-3BD2-4419-939E-51B28BE25573}.Debug|x64.ActiveCfg = Debug|x64
		{699EA95B-3BD2-4419-939E-51B28BE25573}.Debug|x64.Build.0 = Debug|x64
		{699EA95B-3BD2-4419-939E-51B28BE25573}.Debug|x86.ActiveCfg = Debug|Win32
		{699EA95B-3BD2-4419-939E-51B28BE25573}.Debug|x86.Build.0 = Debug|Win32
		{699EA95B-3BD2-4419-939E-51B28BE25573}.Release|x64.ActiveCfg = Release|x64
		{699EA95B-3BD2-4419-939E-51B28BE25573}.Release|x64.Build.0 = Release|x64
		{699EA95B-3BD2-4419-939E-51B28BE25573}.Release|x86.ActiveCfg = Release|Win32
		{699EA95B-3BD2-4419-939E-51B28BE25573}.Release|x86.Build.0 = Release|Win32
	EndGlobalSection
	GlobalSection(SolutionProperties) = preSolution
		HideSolutionNode = FALSE
	EndGlobalSection
	GlobalSection(ExtensibilityGlobals) = postSolution
		SolutionGuid = {275193EC-784C-476B-B927-38FEE6B53922}
	EndGlobalSection
EndGlobal
